
Microsoft Visual Studio Solution File, Format Version 12.00
# Visual Studio Version 16
VisualStudioVersion = 16.0.31025.194
MinimumVisualStudioVersion = 10.0.40219.1
Project("{FAE04EC0-301F-11D3-BF4B-00C04F79EFBC}") = "Packages.GlobalExceptionHandler", "Packages.GlobalExceptionHandler.csproj", "{D17FE3CD-0F3F-4565-B11E-0E6ED1670EAE}"
EndProject
Global
	GlobalSection(SolutionConfigurationPlatforms) = preSolution
		Debug|Any CPU = Debug|Any CPU
		Release|Any CPU = Release|Any CPU
	EndGlobalSection
	GlobalSection(ProjectConfigurationPlatforms) = postSolution
		{D17FE3CD-0F3F-4565-B11E-0E6ED1670EAE}.Debug|Any CPU.ActiveCfg = Debug|Any CPU
		{D17FE3CD-0F3F-4565-B11E-0E6ED1670EAE}.Debug|Any CPU.Build.0 = Debug|Any CPU
		{D17FE3CD-0F3F-4565-B11E-0E6ED1670EAE}.Release|Any CPU.ActiveCfg = Release|Any CPU
		{D17FE3CD-0F3F-4565-B11E-0E6ED1670EAE}.Release|Any CPU.Build.0 = Release|Any CPU
	EndGlobalSection
	GlobalSection(SolutionProperties) = preSolution
		HideSolutionNode = FALSE
	EndGlobalSection
	GlobalSection(ExtensibilityGlobals) = postSolution
		SolutionGuid = {A3D84510-533E-492E-8391-C8CF2FBDAA19}
	EndGlobalSection
EndGlobal
